
Microsoft Visual Studio Solution File, Format Version 12.00
# Visual Studio Version 16
VisualStudioVersion = 16.0.31702.278
MinimumVisualStudioVersion = 10.0.40219.1
Project("{FAE04EC0-301F-11D3-BF4B-00C04F79EFBC}") = "EVE Managment System", "EVE Managment System.csproj", "{983E0AA4-AD07-435D-9309-7DFA0682338C}"
EndProject
Global
	GlobalSection(SolutionConfigurationPlatforms) = preSolution
		Debug|Any CPU = Debug|Any CPU
		Release|Any CPU = Release|Any CPU
	EndGlobalSection
	GlobalSection(ProjectConfigurationPlatforms) = postSolution
		{983E0AA4-AD07-435D-9309-7DFA0682338C}.Debug|Any CPU.ActiveCfg = Debug|Any CPU
		{983E0AA4-AD07-435D-9309-7DFA0682338C}.Debug|Any CPU.Build.0 = Debug|Any CPU
		{983E0AA4-AD07-435D-9309-7DFA0682338C}.Release|Any CPU.ActiveCfg = Release|Any CPU
		{983E0AA4-AD07-435D-9309-7DFA0682338C}.Release|Any CPU.Build.0 = Release|Any CPU
	EndGlobalSection
	GlobalSection(SolutionProperties) = preSolution
		HideSolutionNode = FALSE
	EndGlobalSection
	GlobalSection(ExtensibilityGlobals) = postSolution
		SolutionGuid = {C3A13961-4B5C-4783-A76D-BDAE486BB6F8}
	EndGlobalSection
EndGlobal
